// !$*UTF8*$!
{
	archiveVersion = 1;
	classes = {
	};
	objectVersion = 50;
	objects = {

/* Begin PBXBuildFile section */
		5144336F23884829005BEFF6 /* UIViewController+Alert.swift in Sources */ = {isa = PBXBuildFile; fileRef = 5144336E23884829005BEFF6 /* UIViewController+Alert.swift */; };
		5171180A23B111D0009BBD9A /* MainOST.mp3 in Resources */ = {isa = PBXBuildFile; fileRef = 5171180923B111D0009BBD9A /* MainOST.mp3 */; };
		5171180C23B114DE009BBD9A /* PulsatingAnimation.swift in Sources */ = {isa = PBXBuildFile; fileRef = 5171180B23B114DE009BBD9A /* PulsatingAnimation.swift */; };
		518AE50523FC70C40060527F /* Words.xcdatamodeld in Sources */ = {isa = PBXBuildFile; fileRef = 518AE50323FC70C30060527F /* Words.xcdatamodeld */; };
		518AE50F23FC740C0060527F /* SingleTonForEntities.swift in Sources */ = {isa = PBXBuildFile; fileRef = 518AE50E23FC740C0060527F /* SingleTonForEntities.swift */; };
		518AE51423FC748C0060527F /* WordsArrayEntity+CoreDataClass.swift in Sources */ = {isa = PBXBuildFile; fileRef = 518AE51023FC748C0060527F /* WordsArrayEntity+CoreDataClass.swift */; };
		518AE51523FC748C0060527F /* WordsArrayEntity+CoreDataProperties.swift in Sources */ = {isa = PBXBuildFile; fileRef = 518AE51123FC748C0060527F /* WordsArrayEntity+CoreDataProperties.swift */; };
		518AE51623FC748C0060527F /* WordEntity+CoreDataClass.swift in Sources */ = {isa = PBXBuildFile; fileRef = 518AE51223FC748C0060527F /* WordEntity+CoreDataClass.swift */; };
		518AE51723FC748C0060527F /* WordEntity+CoreDataProperties.swift in Sources */ = {isa = PBXBuildFile; fileRef = 518AE51323FC748C0060527F /* WordEntity+CoreDataProperties.swift */; };
		519CC6102379FC2900B88ECC /* ImageDefinitionAdditionalVC.swift in Sources */ = {isa = PBXBuildFile; fileRef = 519CC60F2379FC2900B88ECC /* ImageDefinitionAdditionalVC.swift */; };
		51D9967D238D52F500DB6617 /* ShowWordVC.swift in Sources */ = {isa = PBXBuildFile; fileRef = 51D9967C238D52F500DB6617 /* ShowWordVC.swift */; };
		51EDD324235A1E430037DBB2 /* AppDelegate.swift in Sources */ = {isa = PBXBuildFile; fileRef = 51EDD323235A1E430037DBB2 /* AppDelegate.swift */; };
		51EDD326235A1E430037DBB2 /* TableViewVC.swift in Sources */ = {isa = PBXBuildFile; fileRef = 51EDD325235A1E430037DBB2 /* TableViewVC.swift */; };
		51EDD329235A1E430037DBB2 /* Main.storyboard in Resources */ = {isa = PBXBuildFile; fileRef = 51EDD327235A1E430037DBB2 /* Main.storyboard */; };
		51EDD32B235A1E550037DBB2 /* Assets.xcassets in Resources */ = {isa = PBXBuildFile; fileRef = 51EDD32A235A1E550037DBB2 /* Assets.xcassets */; };
		51EDD32E235A1E560037DBB2 /* LaunchScreen.storyboard in Resources */ = {isa = PBXBuildFile; fileRef = 51EDD32C235A1E560037DBB2 /* LaunchScreen.storyboard */; };
		51EDD336235A1F430037DBB2 /* SIngleTon.swift in Sources */ = {isa = PBXBuildFile; fileRef = 51EDD335235A1F430037DBB2 /* SIngleTon.swift */; };
		51EDD338235A1F9E0037DBB2 /* Word.swift in Sources */ = {isa = PBXBuildFile; fileRef = 51EDD337235A1F9E0037DBB2 /* Word.swift */; };
		51EDD33A235A23700037DBB2 /* WordTableViewCell.swift in Sources */ = {isa = PBXBuildFile; fileRef = 51EDD339235A23700037DBB2 /* WordTableViewCell.swift */; };
		51EDD33E235A2F6F0037DBB2 /* CreateNewWordViewController.swift in Sources */ = {isa = PBXBuildFile; fileRef = 51EDD33D235A2F6F0037DBB2 /* CreateNewWordViewController.swift */; };
/* End PBXBuildFile section */

/* Begin PBXFileReference section */
		5144336E23884829005BEFF6 /* UIViewController+Alert.swift */ = {isa = PBXFileReference; lastKnownFileType = sourcecode.swift; path = "UIViewController+Alert.swift"; sourceTree = "<group>"; };
		5171180923B111D0009BBD9A /* MainOST.mp3 */ = {isa = PBXFileReference; lastKnownFileType = audio.mp3; path = MainOST.mp3; sourceTree = "<group>"; };
		5171180B23B114DE009BBD9A /* PulsatingAnimation.swift */ = {isa = PBXFileReference; lastKnownFileType = sourcecode.swift; path = PulsatingAnimation.swift; sourceTree = "<group>"; };
		518AE50423FC70C40060527F /* Model.xcdatamodel */ = {isa = PBXFileReference; lastKnownFileType = wrapper.xcdatamodel; path = Model.xcdatamodel; sourceTree = "<group>"; };
		518AE50E23FC740C0060527F /* SingleTonForEntities.swift */ = {isa = PBXFileReference; lastKnownFileType = sourcecode.swift; path = SingleTonForEntities.swift; sourceTree = "<group>"; };
		518AE51023FC748C0060527F /* WordsArrayEntity+CoreDataClass.swift */ = {isa = PBXFileReference; lastKnownFileType = sourcecode.swift; path = "WordsArrayEntity+CoreDataClass.swift"; sourceTree = "<group>"; };
		518AE51123FC748C0060527F /* WordsArrayEntity+CoreDataProperties.swift */ = {isa = PBXFileReference; lastKnownFileType = sourcecode.swift; path = "WordsArrayEntity+CoreDataProperties.swift"; sourceTree = "<group>"; };
		518AE51223FC748C0060527F /* WordEntity+CoreDataClass.swift */ = {isa = PBXFileReference; lastKnownFileType = sourcecode.swift; path = "WordEntity+CoreDataClass.swift"; sourceTree = "<group>"; };
		518AE51323FC748C0060527F /* WordEntity+CoreDataProperties.swift */ = {isa = PBXFileReference; lastKnownFileType = sourcecode.swift; path = "WordEntity+CoreDataProperties.swift"; sourceTree = "<group>"; };
		519CC60F2379FC2900B88ECC /* ImageDefinitionAdditionalVC.swift */ = {isa = PBXFileReference; lastKnownFileType = sourcecode.swift; path = ImageDefinitionAdditionalVC.swift; sourceTree = "<group>"; };
		51D9967C238D52F500DB6617 /* ShowWordVC.swift */ = {isa = PBXFileReference; lastKnownFileType = sourcecode.swift; path = ShowWordVC.swift; sourceTree = "<group>"; };
		51EDD320235A1E430037DBB2 /* Fashion Vocabulary.app */ = {isa = PBXFileReference; explicitFileType = wrapper.application; includeInIndex = 0; path = "Fashion Vocabulary.app"; sourceTree = BUILT_PRODUCTS_DIR; };
		51EDD323235A1E430037DBB2 /* AppDelegate.swift */ = {isa = PBXFileReference; lastKnownFileType = sourcecode.swift; path = AppDelegate.swift; sourceTree = "<group>"; };
		51EDD325235A1E430037DBB2 /* TableViewVC.swift */ = {isa = PBXFileReference; lastKnownFileType = sourcecode.swift; path = TableViewVC.swift; sourceTree = "<group>"; };
		51EDD328235A1E430037DBB2 /* Base */ = {isa = PBXFileReference; lastKnownFileType = file.storyboard; name = Base; path = Base.lproj/Main.storyboard; sourceTree = "<group>"; };
		51EDD32A235A1E550037DBB2 /* Assets.xcassets */ = {isa = PBXFileReference; lastKnownFileType = folder.assetcatalog; path = Assets.xcassets; sourceTree = "<group>"; };
		51EDD32D235A1E560037DBB2 /* Base */ = {isa = PBXFileReference; lastKnownFileType = file.storyboard; name = Base; path = Base.lproj/LaunchScreen.storyboard; sourceTree = "<group>"; };
		51EDD32F235A1E560037DBB2 /* Info.plist */ = {isa = PBXFileReference; lastKnownFileType = text.plist.xml; path = Info.plist; sourceTree = "<group>"; };
		51EDD335235A1F430037DBB2 /* SIngleTon.swift */ = {isa = PBXFileReference; lastKnownFileType = sourcecode.swift; path = SIngleTon.swift; sourceTree = "<group>"; };
		51EDD337235A1F9E0037DBB2 /* Word.swift */ = {isa = PBXFileReference; lastKnownFileType = sourcecode.swift; path = Word.swift; sourceTree = "<group>"; };
		51EDD339235A23700037DBB2 /* WordTableViewCell.swift */ = {isa = PBXFileReference; lastKnownFileType = sourcecode.swift; path = WordTableViewCell.swift; sourceTree = "<group>"; };
		51EDD33D235A2F6F0037DBB2 /* CreateNewWordViewController.swift */ = {isa = PBXFileReference; lastKnownFileType = sourcecode.swift; path = CreateNewWordViewController.swift; sourceTree = "<group>"; };
/* End PBXFileReference section */

/* Begin PBXFrameworksBuildPhase section */
		51EDD31D235A1E420037DBB2 /* Frameworks */ = {
			isa = PBXFrameworksBuildPhase;
			buildActionMask = 2147483647;
			files = (
			);
			runOnlyForDeploymentPostprocessing = 0;
		};
/* End PBXFrameworksBuildPhase section */

/* Begin PBXGroup section */
		5144336D23884668005BEFF6 /* Extensions */ = {
			isa = PBXGroup;
			children = (
				5144336E23884829005BEFF6 /* UIViewController+Alert.swift */,
			);
			path = Extensions;
			sourceTree = "<group>";
		};
		5171180623B10FBC009BBD9A /* Background Music */ = {
			isa = PBXGroup;
			children = (
				5171180923B111D0009BBD9A /* MainOST.mp3 */,
			);
			path = "Background Music";
			sourceTree = "<group>";
		};
		51826F992376364100820238 /* SingleTon */ = {
			isa = PBXGroup;
			children = (
				51EDD335235A1F430037DBB2 /* SIngleTon.swift */,
				518AE50E23FC740C0060527F /* SingleTonForEntities.swift */,
			);
			path = SingleTon;
			sourceTree = "<group>";
		};
		51826F9A23763B1200820238 /* Custom Classes */ = {
			isa = PBXGroup;
			children = (
				51EDD337235A1F9E0037DBB2 /* Word.swift */,
				51EDD339235A23700037DBB2 /* WordTableViewCell.swift */,
				5171180B23B114DE009BBD9A /* PulsatingAnimation.swift */,
			);
			path = "Custom Classes";
			sourceTree = "<group>";
		};
		519CC6112379FC7F00B88ECC /* VIewControllers */ = {
			isa = PBXGroup;
			children = (
				51EDD325235A1E430037DBB2 /* TableViewVC.swift */,
				51D9967C238D52F500DB6617 /* ShowWordVC.swift */,
				519CC60F2379FC2900B88ECC /* ImageDefinitionAdditionalVC.swift */,
				51EDD33D235A2F6F0037DBB2 /* CreateNewWordViewController.swift */,
			);
			path = VIewControllers;
			sourceTree = "<group>";
		};
		51EDD317235A1E420037DBB2 = {
			isa = PBXGroup;
			children = (
				518AE51023FC748C0060527F /* WordsArrayEntity+CoreDataClass.swift */,
				518AE51123FC748C0060527F /* WordsArrayEntity+CoreDataProperties.swift */,
				518AE51223FC748C0060527F /* WordEntity+CoreDataClass.swift */,
				518AE51323FC748C0060527F /* WordEntity+CoreDataProperties.swift */,
				51EDD322235A1E430037DBB2 /* Fashion Vocabulary */,
				51EDD321235A1E430037DBB2 /* Products */,
			);
			sourceTree = "<group>";
		};
		51EDD321235A1E430037DBB2 /* Products */ = {
			isa = PBXGroup;
			children = (
				51EDD320235A1E430037DBB2 /* Fashion Vocabulary.app */,
			);
			name = Products;
			sourceTree = "<group>";
		};
		51EDD322235A1E430037DBB2 /* Fashion Vocabulary */ = {
			isa = PBXGroup;
			children = (
				51EDD323235A1E430037DBB2 /* AppDelegate.swift */,
				51EDD32A235A1E550037DBB2 /* Assets.xcassets */,
				51EDD32C235A1E560037DBB2 /* LaunchScreen.storyboard */,
				51EDD327235A1E430037DBB2 /* Main.storyboard */,
				51EDD32F235A1E560037DBB2 /* Info.plist */,
				5171180623B10FBC009BBD9A /* Background Music */,
				5144336D23884668005BEFF6 /* Extensions */,
				519CC6112379FC7F00B88ECC /* VIewControllers */,
				51826F9A23763B1200820238 /* Custom Classes */,
				51826F992376364100820238 /* SingleTon */,
				518AE50323FC70C30060527F /* Words.xcdatamodeld */,
			);
			path = "Fashion Vocabulary";
			sourceTree = "<group>";
		};
/* End PBXGroup section */

/* Begin PBXNativeTarget section */
		51EDD31F235A1E420037DBB2 /* Fashion Vocabulary */ = {
			isa = PBXNativeTarget;
			buildConfigurationList = 51EDD332235A1E560037DBB2 /* Build configuration list for PBXNativeTarget "Fashion Vocabulary" */;
			buildPhases = (
				51EDD31C235A1E420037DBB2 /* Sources */,
				51EDD31D235A1E420037DBB2 /* Frameworks */,
				51EDD31E235A1E420037DBB2 /* Resources */,
			);
			buildRules = (
			);
			dependencies = (
			);
			name = "Fashion Vocabulary";
			productName = Lesson15;
			productReference = 51EDD320235A1E430037DBB2 /* Fashion Vocabulary.app */;
			productType = "com.apple.product-type.application";
		};
/* End PBXNativeTarget section */

/* Begin PBXProject section */
		51EDD318235A1E420037DBB2 /* Project object */ = {
			isa = PBXProject;
			attributes = {
				LastSwiftUpdateCheck = 1030;
				LastUpgradeCheck = 1030;
				ORGANIZATIONNAME = Batman;
				TargetAttributes = {
					51EDD31F235A1E420037DBB2 = {
						CreatedOnToolsVersion = 10.3;
					};
				};
			};
			buildConfigurationList = 51EDD31B235A1E420037DBB2 /* Build configuration list for PBXProject "Fashion Vocabulary" */;
			compatibilityVersion = "Xcode 9.3";
			developmentRegion = en;
			hasScannedForEncodings = 0;
			knownRegions = (
				en,
				Base,
			);
			mainGroup = 51EDD317235A1E420037DBB2;
			productRefGroup = 51EDD321235A1E430037DBB2 /* Products */;
			projectDirPath = "";
			projectRoot = "";
			targets = (
				51EDD31F235A1E420037DBB2 /* Fashion Vocabulary */,
			);
		};
/* End PBXProject section */

/* Begin PBXResourcesBuildPhase section */
		51EDD31E235A1E420037DBB2 /* Resources */ = {
			isa = PBXResourcesBuildPhase;
			buildActionMask = 2147483647;
			files = (
				51EDD32E235A1E560037DBB2 /* LaunchScreen.storyboard in Resources */,
				51EDD32B235A1E550037DBB2 /* Assets.xcassets in Resources */,
				5171180A23B111D0009BBD9A /* MainOST.mp3 in Resources */,
				51EDD329235A1E430037DBB2 /* Main.storyboard in Resources */,
			);
			runOnlyForDeploymentPostprocessing = 0;
		};
/* End PBXResourcesBuildPhase section */

/* Begin PBXSourcesBuildPhase section */
		51EDD31C235A1E420037DBB2 /* Sources */ = {
			isa = PBXSourcesBuildPhase;
			buildActionMask = 2147483647;
			files = (
				519CC6102379FC2900B88ECC /* ImageDefinitionAdditionalVC.swift in Sources */,
				51EDD326235A1E430037DBB2 /* TableViewVC.swift in Sources */,
				51EDD33E235A2F6F0037DBB2 /* CreateNewWordViewController.swift in Sources */,
				51EDD338235A1F9E0037DBB2 /* Word.swift in Sources */,
				5144336F23884829005BEFF6 /* UIViewController+Alert.swift in Sources */,
				518AE51523FC748C0060527F /* WordsArrayEntity+CoreDataProperties.swift in Sources */,
				518AE51623FC748C0060527F /* WordEntity+CoreDataClass.swift in Sources */,
				51EDD324235A1E430037DBB2 /* AppDelegate.swift in Sources */,
				5171180C23B114DE009BBD9A /* PulsatingAnimation.swift in Sources */,
				51EDD336235A1F430037DBB2 /* SIngleTon.swift in Sources */,
				51EDD33A235A23700037DBB2 /* WordTableViewCell.swift in Sources */,
				51D9967D238D52F500DB6617 /* ShowWordVC.swift in Sources */,
				518AE51423FC748C0060527F /* WordsArrayEntity+CoreDataClass.swift in Sources */,
				518AE50F23FC740C0060527F /* SingleTonForEntities.swift in Sources */,
				518AE50523FC70C40060527F /* Words.xcdatamodeld in Sources */,
				518AE51723FC748C0060527F /* WordEntity+CoreDataProperties.swift in Sources */,
			);
			runOnlyForDeploymentPostprocessing = 0;
		};
/* End PBXSourcesBuildPhase section */

/* Begin PBXVariantGroup section */
		51EDD327235A1E430037DBB2 /* Main.storyboard */ = {
			isa = PBXVariantGroup;
			children = (
				51EDD328235A1E430037DBB2 /* Base */,
			);
			name = Main.storyboard;
			sourceTree = "<group>";
		};
		51EDD32C235A1E560037DBB2 /* LaunchScreen.storyboard */ = {
			isa = PBXVariantGroup;
			children = (
				51EDD32D235A1E560037DBB2 /* Base */,
			);
			name = LaunchScreen.storyboard;
			sourceTree = "<group>";
		};
/* End PBXVariantGroup section */

/* Begin XCBuildConfiguration section */
		51EDD330235A1E560037DBB2 /* Debug */ = {
			isa = XCBuildConfiguration;
			buildSettings = {
				ALWAYS_SEARCH_USER_PATHS = NO;
				CLANG_ANALYZER_NONNULL = YES;
				CLANG_ANALYZER_NUMBER_OBJECT_CONVERSION = YES_AGGRESSIVE;
				CLANG_CXX_LANGUAGE_STANDARD = "gnu++14";
				CLANG_CXX_LIBRARY = "libc++";
				CLANG_ENABLE_MODULES = YES;
				CLANG_ENABLE_OBJC_ARC = YES;
				CLANG_ENABLE_OBJC_WEAK = YES;
				CLANG_WARN_BLOCK_CAPTURE_AUTORELEASING = YES;
				CLANG_WARN_BOOL_CONVERSION = YES;
				CLANG_WARN_COMMA = YES;
				CLANG_WARN_CONSTANT_CONVERSION = YES;
				CLANG_WARN_DEPRECATED_OBJC_IMPLEMENTATIONS = YES;
				CLANG_WARN_DIRECT_OBJC_ISA_USAGE = YES_ERROR;
				CLANG_WARN_DOCUMENTATION_COMMENTS = YES;
				CLANG_WARN_EMPTY_BODY = YES;
				CLANG_WARN_ENUM_CONVERSION = YES;
				CLANG_WARN_INFINITE_RECURSION = YES;
				CLANG_WARN_INT_CONVERSION = YES;
				CLANG_WARN_NON_LITERAL_NULL_CONVERSION = YES;
				CLANG_WARN_OBJC_IMPLICIT_RETAIN_SELF = YES;
				CLANG_WARN_OBJC_LITERAL_CONVERSION = YES;
				CLANG_WARN_OBJC_ROOT_CLASS = YES_ERROR;
				CLANG_WARN_RANGE_LOOP_ANALYSIS = YES;
				CLANG_WARN_STRICT_PROTOTYPES = YES;
				CLANG_WARN_SUSPICIOUS_MOVE = YES;
				CLANG_WARN_UNGUARDED_AVAILABILITY = YES_AGGRESSIVE;
				CLANG_WARN_UNREACHABLE_CODE = YES;
				CLANG_WARN__DUPLICATE_METHOD_MATCH = YES;
				CODE_SIGN_IDENTITY = "iPhone Developer";
				COPY_PHASE_STRIP = NO;
				DEBUG_INFORMATION_FORMAT = dwarf;
				ENABLE_STRICT_OBJC_MSGSEND = YES;
				ENABLE_TESTABILITY = YES;
				GCC_C_LANGUAGE_STANDARD = gnu11;
				GCC_DYNAMIC_NO_PIC = NO;
				GCC_NO_COMMON_BLOCKS = YES;
				GCC_OPTIMIZATION_LEVEL = 0;
				GCC_PREPROCESSOR_DEFINITIONS = (
					"DEBUG=1",
					"$(inherited)",
				);
				GCC_WARN_64_TO_32_BIT_CONVERSION = YES;
				GCC_WARN_ABOUT_RETURN_TYPE = YES_ERROR;
				GCC_WARN_UNDECLARED_SELECTOR = YES;
				GCC_WARN_UNINITIALIZED_AUTOS = YES_AGGRESSIVE;
				GCC_WARN_UNUSED_FUNCTION = YES;
				GCC_WARN_UNUSED_VARIABLE = YES;
				IPHONEOS_DEPLOYMENT_TARGET = 12.4;
				MTL_ENABLE_DEBUG_INFO = INCLUDE_SOURCE;
				MTL_FAST_MATH = YES;
				ONLY_ACTIVE_ARCH = YES;
				SDKROOT = iphoneos;
				SWIFT_ACTIVE_COMPILATION_CONDITIONS = DEBUG;
				SWIFT_OPTIMIZATION_LEVEL = "-Onone";
			};
			name = Debug;
		};
		51EDD331235A1E560037DBB2 /* Release */ = {
			isa = XCBuildConfiguration;
			buildSettings = {
				ALWAYS_SEARCH_USER_PATHS = NO;
				CLANG_ANALYZER_NONNULL = YES;
				CLANG_ANALYZER_NUMBER_OBJECT_CONVERSION = YES_AGGRESSIVE;
				CLANG_CXX_LANGUAGE_STANDARD = "gnu++14";
				CLANG_CXX_LIBRARY = "libc++";
				CLANG_ENABLE_MODULES = YES;
				CLANG_ENABLE_OBJC_ARC = YES;
				CLANG_ENABLE_OBJC_WEAK = YES;
				CLANG_WARN_BLOCK_CAPTURE_AUTORELEASING = YES;
				CLANG_WARN_BOOL_CONVERSION = YES;
				CLANG_WARN_COMMA = YES;
				CLANG_WARN_CONSTANT_CONVERSION = YES;
				CLANG_WARN_DEPRECATED_OBJC_IMPLEMENTATIONS = YES;
				CLANG_WARN_DIRECT_OBJC_ISA_USAGE = YES_ERROR;
				CLANG_WARN_DOCUMENTATION_COMMENTS = YES;
				CLANG_WARN_EMPTY_BODY = YES;
				CLANG_WARN_ENUM_CONVERSION = YES;
				CLANG_WARN_INFINITE_RECURSION = YES;
				CLANG_WARN_INT_CONVERSION = YES;
				CLANG_WARN_NON_LITERAL_NULL_CONVERSION = YES;
				CLANG_WARN_OBJC_IMPLICIT_RETAIN_SELF = YES;
				CLANG_WARN_OBJC_LITERAL_CONVERSION = YES;
				CLANG_WARN_OBJC_ROOT_CLASS = YES_ERROR;
				CLANG_WARN_RANGE_LOOP_ANALYSIS = YES;
				CLANG_WARN_STRICT_PROTOTYPES = YES;
				CLANG_WARN_SUSPICIOUS_MOVE = YES;
				CLANG_WARN_UNGUARDED_AVAILABILITY = YES_AGGRESSIVE;
				CLANG_WARN_UNREACHABLE_CODE = YES;
				CLANG_WARN__DUPLICATE_METHOD_MATCH = YES;
				CODE_SIGN_IDENTITY = "iPhone Developer";
				COPY_PHASE_STRIP = NO;
				DEBUG_INFORMATION_FORMAT = "dwarf-with-dsym";
				ENABLE_NS_ASSERTIONS = NO;
				ENABLE_STRICT_OBJC_MSGSEND = YES;
				GCC_C_LANGUAGE_STANDARD = gnu11;
				GCC_NO_COMMON_BLOCKS = YES;
				GCC_WARN_64_TO_32_BIT_CONVERSION = YES;
				GCC_WARN_ABOUT_RETURN_TYPE = YES_ERROR;
				GCC_WARN_UNDECLARED_SELECTOR = YES;
				GCC_WARN_UNINITIALIZED_AUTOS = YES_AGGRESSIVE;
				GCC_WARN_UNUSED_FUNCTION = YES;
				GCC_WARN_UNUSED_VARIABLE = YES;
				IPHONEOS_DEPLOYMENT_TARGET = 12.4;
				MTL_ENABLE_DEBUG_INFO = NO;
				MTL_FAST_MATH = YES;
				SDKROOT = iphoneos;
				SWIFT_COMPILATION_MODE = wholemodule;
				SWIFT_OPTIMIZATION_LEVEL = "-O";
				VALIDATE_PRODUCT = YES;
			};
			name = Release;
		};
		51EDD333235A1E560037DBB2 /* Debug */ = {
			isa = XCBuildConfiguration;
			buildSettings = {
				ASSETCATALOG_COMPILER_APPICON_NAME = AppIcon;
				CODE_SIGN_STYLE = Automatic;
				DEVELOPMENT_TEAM = LFK3SF6H24;
				INFOPLIST_FILE = "$(SRCROOT)/Fashion Vocabulary/Info.plist";
				IPHONEOS_DEPLOYMENT_TARGET = 12.0;
				LD_RUNPATH_SEARCH_PATHS = (
					"$(inherited)",
					"@executable_path/Frameworks",
				);
				PRODUCT_BUNDLE_IDENTIFIER = Batman.Lesson15s;
				PRODUCT_NAME = "$(TARGET_NAME)";
				SWIFT_VERSION = 5.0;
				TARGETED_DEVICE_FAMILY = "1,2";
			};
			name = Debug;
		};
		51EDD334235A1E560037DBB2 /* Release */ = {
			isa = XCBuildConfiguration;
			buildSettings = {
				ASSETCATALOG_COMPILER_APPICON_NAME = AppIcon;
				CODE_SIGN_STYLE = Automatic;
				DEVELOPMENT_TEAM = LFK3SF6H24;
				INFOPLIST_FILE = "$(SRCROOT)/Fashion Vocabulary/Info.plist";
				IPHONEOS_DEPLOYMENT_TARGET = 12.0;
				LD_RUNPATH_SEARCH_PATHS = (
					"$(inherited)",
					"@executable_path/Frameworks",
				);
				PRODUCT_BUNDLE_IDENTIFIER = Batman.Lesson15s;
				PRODUCT_NAME = "$(TARGET_NAME)";
				SWIFT_VERSION = 5.0;
				TARGETED_DEVICE_FAMILY = "1,2";
			};
			name = Release;
		};
/* End XCBuildConfiguration section */

/* Begin XCConfigurationList section */
		51EDD31B235A1E420037DBB2 /* Build configuration list for PBXProject "Fashion Vocabulary" */ = {
			isa = XCConfigurationList;
			buildConfigurations = (
				51EDD330235A1E560037DBB2 /* Debug */,
				51EDD331235A1E560037DBB2 /* Release */,
			);
			defaultConfigurationIsVisible = 0;
			defaultConfigurationName = Release;
		};
		51EDD332235A1E560037DBB2 /* Build configuration list for PBXNativeTarget "Fashion Vocabulary" */ = {
			isa = XCConfigurationList;
			buildConfigurations = (
				51EDD333235A1E560037DBB2 /* Debug */,
				51EDD334235A1E560037DBB2 /* Release */,
			);
			defaultConfigurationIsVisible = 0;
			defaultConfigurationName = Release;
		};
/* End XCConfigurationList section */

/* Begin XCVersionGroup section */
		518AE50323FC70C30060527F /* Words.xcdatamodeld */ = {
			isa = XCVersionGroup;
			children = (
				518AE50423FC70C40060527F /* Model.xcdatamodel */,
			);
			currentVersion = 518AE50423FC70C40060527F /* Model.xcdatamodel */;
			path = Words.xcdatamodeld;
			sourceTree = "<group>";
			versionGroupType = wrapper.xcdatamodel;
		};
/* End XCVersionGroup section */
	};
	rootObject = 51EDD318235A1E420037DBB2 /* Project object */;
}
